# Generated by pub
# See http://pub.dartlang.org/doc/glossary.html#lockfile

{"packages":{"vector_math":{"version":"1.1.0","source":"hosted","description":"vector_math"},"game_loop":{"version":"0.8.0","source":"hosted","description":"game_loop"},"browser":{"version":"0.5.0+1","source":"hosted","description":"browser"},"unittest":{"version":"0.5.0+1","source":"hosted","description":"unittest"},"meta":{"version":"0.5.0+1","source":"hosted","description":"meta"}}}
