# Generated by pub
# See http://pub.dartlang.org/doc/glossary.html#lockfile

{"packages":{"browser":{"version":"0.5.1","source":"hosted","description":"browser"},"game_loop":{"version":"0.8.0","source":"hosted","description":"game_loop"},"meta":{"version":"0.5.1","source":"hosted","description":"meta"},"unittest":{"version":"0.5.1","source":"hosted","description":"unittest"},"vector_math":{"version":"1.1.0","source":"git","description":{"url":"https://github.com/johnmccutchan/vector_math.git","ref":null,"resolved-ref":"d8d2355d4b5c2aabca3f47335d0364fd74f81b1d"}}}}
