# Generated by pub
# See http://pub.dartlang.org/doc/glossary.html#lockfile

{"packages":{"game_loop":{"version":"0.7.1","source":"git","description":{"url":"https://github.com/johnmccutchan/game_loop.git","ref":null,"resolved-ref":"0d52edefd3f18712e2b9c7dab3f50d5c249168d9"}},"browser":{"version":"0.5.0+1","source":"hosted","description":"browser"},"unittest":{"version":"0.5.0+1","source":"hosted","description":"unittest"},"meta":{"version":"0.5.0+1","source":"hosted","description":"meta"}}}
